{
  "name": "ProyectoCorrespondencias",
  "lockfileVersion": 2,
  "requires": true,
  "packages": {
    "": {
      "dependencies": {
        "@dashboardcode/bsmultiselect": "^1.1.18",
        "sweetalert2": "^11.1.10"
      }
    },
    "node_modules/@dashboardcode/bsmultiselect": {
      "version": "1.1.18",
      "resolved": "https://registry.npmjs.org/@dashboardcode/bsmultiselect/-/bsmultiselect-1.1.18.tgz",
      "integrity": "sha512-jBr50CZi59zE8rbfftGmc70/8cCgW+4hbYRPKLuiNcJjCkkr+txYauwoisQXj2lU5Z1PIH4odsWEHB98+qVecA==",
      "dependencies": {
        "@popperjs/core": "^2.9.3"
      }
    },
    "node_modules/@popperjs/core": {
      "version": "2.10.2",
      "resolved": "https://registry.npmjs.org/@popperjs/core/-/core-2.10.2.tgz",
      "integrity": "sha512-IXf3XA7+XyN7CP9gGh/XB0UxVMlvARGEgGXLubFICsUMGz6Q+DU+i4gGlpOxTjKvXjkJDJC8YdqdKkDj9qZHEQ==",
      "funding": {
        "type": "opencollective",
        "url": "https://opencollective.com/popperjs"
      }
    },
    "node_modules/sweetalert2": {
      "version": "11.1.10",
      "resolved": "https://registry.npmjs.org/sweetalert2/-/sweetalert2-11.1.10.tgz",
      "integrity": "sha512-Zy/Pdsvf6gJoaqnBaLXYrjElJ85ipe9D5FfcSKxJ0b1PPnTS3B5eC3rFB2pPbo9m1p+LVLBZVvE35JPL2vG6xA==",
      "funding": {
        "url": "https://sweetalert2.github.io/#donations"
      }
    }
  },
  "dependencies": {
    "@dashboardcode/bsmultiselect": {
      "version": "1.1.18",
      "resolved": "https://registry.npmjs.org/@dashboardcode/bsmultiselect/-/bsmultiselect-1.1.18.tgz",
      "integrity": "sha512-jBr50CZi59zE8rbfftGmc70/8cCgW+4hbYRPKLuiNcJjCkkr+txYauwoisQXj2lU5Z1PIH4odsWEHB98+qVecA==",
      "requires": {
        "@popperjs/core": "^2.9.3"
      }
    },
    "@popperjs/core": {
      "version": "2.10.2",
      "resolved": "https://registry.npmjs.org/@popperjs/core/-/core-2.10.2.tgz",
      "integrity": "sha512-IXf3XA7+XyN7CP9gGh/XB0UxVMlvARGEgGXLubFICsUMGz6Q+DU+i4gGlpOxTjKvXjkJDJC8YdqdKkDj9qZHEQ=="
    },
    "sweetalert2": {
      "version": "11.1.10",
      "resolved": "https://registry.npmjs.org/sweetalert2/-/sweetalert2-11.1.10.tgz",
      "integrity": "sha512-Zy/Pdsvf6gJoaqnBaLXYrjElJ85ipe9D5FfcSKxJ0b1PPnTS3B5eC3rFB2pPbo9m1p+LVLBZVvE35JPL2vG6xA=="
    }
  }
}
