{
  "name": "ProyectoCorrespondencias",
  "lockfileVersion": 2,
  "requires": true,
  "packages": {
    "": {
      "dependencies": {
        "@dashboardcode/bsmultiselect": "^1.1.18"
      }
    },
    "node_modules/@dashboardcode/bsmultiselect": {
      "version": "1.1.18",
      "resolved": "https://registry.npmjs.org/@dashboardcode/bsmultiselect/-/bsmultiselect-1.1.18.tgz",
      "integrity": "sha512-jBr50CZi59zE8rbfftGmc70/8cCgW+4hbYRPKLuiNcJjCkkr+txYauwoisQXj2lU5Z1PIH4odsWEHB98+qVecA==",
      "dependencies": {
        "@popperjs/core": "^2.9.3"
      }
    },
    "node_modules/@popperjs/core": {
      "version": "2.10.2",
      "resolved": "https://registry.npmjs.org/@popperjs/core/-/core-2.10.2.tgz",
      "integrity": "sha512-IXf3XA7+XyN7CP9gGh/XB0UxVMlvARGEgGXLubFICsUMGz6Q+DU+i4gGlpOxTjKvXjkJDJC8YdqdKkDj9qZHEQ==",
      "funding": {
        "type": "opencollective",
        "url": "https://opencollective.com/popperjs"
      }
    }
  },
  "dependencies": {
    "@dashboardcode/bsmultiselect": {
      "version": "1.1.18",
      "resolved": "https://registry.npmjs.org/@dashboardcode/bsmultiselect/-/bsmultiselect-1.1.18.tgz",
      "integrity": "sha512-jBr50CZi59zE8rbfftGmc70/8cCgW+4hbYRPKLuiNcJjCkkr+txYauwoisQXj2lU5Z1PIH4odsWEHB98+qVecA==",
      "requires": {
        "@popperjs/core": "^2.9.3"
      }
    },
    "@popperjs/core": {
      "version": "2.10.2",
      "resolved": "https://registry.npmjs.org/@popperjs/core/-/core-2.10.2.tgz",
      "integrity": "sha512-IXf3XA7+XyN7CP9gGh/XB0UxVMlvARGEgGXLubFICsUMGz6Q+DU+i4gGlpOxTjKvXjkJDJC8YdqdKkDj9qZHEQ=="
    }
  }
}
